// !$*UTF8*$!
{
	archiveVersion = 1;
	classes = {
	};
	objectVersion = 55;
	objects = {

/* Begin PBXBuildFile section */
		A876C11C28B2A6BE00B55337 /* AppDelegate.swift in Sources */ = {isa = PBXBuildFile; fileRef = A876C11B28B2A6BE00B55337 /* AppDelegate.swift */; };
		A876C11E28B2A6BE00B55337 /* SceneDelegate.swift in Sources */ = {isa = PBXBuildFile; fileRef = A876C11D28B2A6BE00B55337 /* SceneDelegate.swift */; };
		A876C12028B2A6BE00B55337 /* ViewController.swift in Sources */ = {isa = PBXBuildFile; fileRef = A876C11F28B2A6BE00B55337 /* ViewController.swift */; };
		A876C12328B2A6BE00B55337 /* Main.storyboard in Resources */ = {isa = PBXBuildFile; fileRef = A876C12128B2A6BE00B55337 /* Main.storyboard */; };
		A876C12528B2A6C000B55337 /* Assets.xcassets in Resources */ = {isa = PBXBuildFile; fileRef = A876C12428B2A6C000B55337 /* Assets.xcassets */; };
		A876C12828B2A6C000B55337 /* LaunchScreen.storyboard in Resources */ = {isa = PBXBuildFile; fileRef = A876C12628B2A6C000B55337 /* LaunchScreen.storyboard */; };
		A876C13328B2A6C000B55337 /* storyboardTests.swift in Sources */ = {isa = PBXBuildFile; fileRef = A876C13228B2A6C000B55337 /* storyboardTests.swift */; };
		A876C13D28B2A6C000B55337 /* storyboardUITests.swift in Sources */ = {isa = PBXBuildFile; fileRef = A876C13C28B2A6C000B55337 /* storyboardUITests.swift */; };
		A876C13F28B2A6C000B55337 /* storyboardUITestsLaunchTests.swift in Sources */ = {isa = PBXBuildFile; fileRef = A876C13E28B2A6C000B55337 /* storyboardUITestsLaunchTests.swift */; };
/* End PBXBuildFile section */

/* Begin PBXContainerItemProxy section */
		A876C12F28B2A6C000B55337 /* PBXContainerItemProxy */ = {
			isa = PBXContainerItemProxy;
			containerPortal = A876C11028B2A6BE00B55337 /* Project object */;
			proxyType = 1;
			remoteGlobalIDString = A876C11728B2A6BE00B55337;
			remoteInfo = storyboard;
		};
		A876C13928B2A6C000B55337 /* PBXContainerItemProxy */ = {
			isa = PBXContainerItemProxy;
			containerPortal = A876C11028B2A6BE00B55337 /* Project object */;
			proxyType = 1;
			remoteGlobalIDString = A876C11728B2A6BE00B55337;
			remoteInfo = storyboard;
		};
/* End PBXContainerItemProxy section */

/* Begin PBXFileReference section */
		A876C11828B2A6BE00B55337 /* storyboard.app */ = {isa = PBXFileReference; explicitFileType = wrapper.application; includeInIndex = 0; path = storyboard.app; sourceTree = BUILT_PRODUCTS_DIR; };
		A876C11B28B2A6BE00B55337 /* AppDelegate.swift */ = {isa = PBXFileReference; lastKnownFileType = sourcecode.swift; path = AppDelegate.swift; sourceTree = "<group>"; };
		A876C11D28B2A6BE00B55337 /* SceneDelegate.swift */ = {isa = PBXFileReference; lastKnownFileType = sourcecode.swift; path = SceneDelegate.swift; sourceTree = "<group>"; };
		A876C11F28B2A6BE00B55337 /* ViewController.swift */ = {isa = PBXFileReference; lastKnownFileType = sourcecode.swift; path = ViewController.swift; sourceTree = "<group>"; };
		A876C12228B2A6BE00B55337 /* Base */ = {isa = PBXFileReference; lastKnownFileType = file.storyboard; name = Base; path = Base.lproj/Main.storyboard; sourceTree = "<group>"; };
		A876C12428B2A6C000B55337 /* Assets.xcassets */ = {isa = PBXFileReference; lastKnownFileType = folder.assetcatalog; path = Assets.xcassets; sourceTree = "<group>"; };
		A876C12728B2A6C000B55337 /* Base */ = {isa = PBXFileReference; lastKnownFileType = file.storyboard; name = Base; path = Base.lproj/LaunchScreen.storyboard; sourceTree = "<group>"; };
		A876C12928B2A6C000B55337 /* Info.plist */ = {isa = PBXFileReference; lastKnownFileType = text.plist.xml; path = Info.plist; sourceTree = "<group>"; };
		A876C12E28B2A6C000B55337 /* storyboardTests.xctest */ = {isa = PBXFileReference; explicitFileType = wrapper.cfbundle; includeInIndex = 0; path = storyboardTests.xctest; sourceTree = BUILT_PRODUCTS_DIR; };
		A876C13228B2A6C000B55337 /* storyboardTests.swift */ = {isa = PBXFileReference; lastKnownFileType = sourcecode.swift; path = storyboardTests.swift; sourceTree = "<group>"; };
		A876C13828B2A6C000B55337 /* storyboardUITests.xctest */ = {isa = PBXFileReference; explicitFileType = wrapper.cfbundle; includeInIndex = 0; path = storyboardUITests.xctest; sourceTree = BUILT_PRODUCTS_DIR; };
		A876C13C28B2A6C000B55337 /* storyboardUITests.swift */ = {isa = PBXFileReference; lastKnownFileType = sourcecode.swift; path = storyboardUITests.swift; sourceTree = "<group>"; };
		A876C13E28B2A6C000B55337 /* storyboardUITestsLaunchTests.swift */ = {isa = PBXFileReference; lastKnownFileType = sourcecode.swift; path = storyboardUITestsLaunchTests.swift; sourceTree = "<group>"; };
/* End PBXFileReference section */

/* Begin PBXFrameworksBuildPhase section */
		A876C11528B2A6BE00B55337 /* Frameworks */ = {
			isa = PBXFrameworksBuildPhase;
			buildActionMask = 2147483647;
			files = (
			);
			runOnlyForDeploymentPostprocessing = 0;
		};
		A876C12B28B2A6C000B55337 /* Frameworks */ = {
			isa = PBXFrameworksBuildPhase;
			buildActionMask = 2147483647;
			files = (
			);
			runOnlyForDeploymentPostprocessing = 0;
		};
		A876C13528B2A6C000B55337 /* Frameworks */ = {
			isa = PBXFrameworksBuildPhase;
			buildActionMask = 2147483647;
			files = (
			);
			runOnlyForDeploymentPostprocessing = 0;
		};
/* End PBXFrameworksBuildPhase section */

/* Begin PBXGroup section */
		A876C10F28B2A6BE00B55337 = {
			isa = PBXGroup;
			children = (
				A876C11A28B2A6BE00B55337 /* storyboard */,
				A876C13128B2A6C000B55337 /* storyboardTests */,
				A876C13B28B2A6C000B55337 /* storyboardUITests */,
				A876C11928B2A6BE00B55337 /* Products */,
			);
			sourceTree = "<group>";
		};
		A876C11928B2A6BE00B55337 /* Products */ = {
			isa = PBXGroup;
			children = (
				A876C11828B2A6BE00B55337 /* storyboard.app */,
				A876C12E28B2A6C000B55337 /* storyboardTests.xctest */,
				A876C13828B2A6C000B55337 /* storyboardUITests.xctest */,
			);
			name = Products;
			sourceTree = "<group>";
		};
		A876C11A28B2A6BE00B55337 /* storyboard */ = {
			isa = PBXGroup;
			children = (
				A876C11B28B2A6BE00B55337 /* AppDelegate.swift */,
				A876C11D28B2A6BE00B55337 /* SceneDelegate.swift */,
				A876C11F28B2A6BE00B55337 /* ViewController.swift */,
				A876C12128B2A6BE00B55337 /* Main.storyboard */,
				A876C12428B2A6C000B55337 /* Assets.xcassets */,
				A876C12628B2A6C000B55337 /* LaunchScreen.storyboard */,
				A876C12928B2A6C000B55337 /* Info.plist */,
			);
			path = storyboard;
			sourceTree = "<group>";
		};
		A876C13128B2A6C000B55337 /* storyboardTests */ = {
			isa = PBXGroup;
			children = (
				A876C13228B2A6C000B55337 /* storyboardTests.swift */,
			);
			path = storyboardTests;
			sourceTree = "<group>";
		};
		A876C13B28B2A6C000B55337 /* storyboardUITests */ = {
			isa = PBXGroup;
			children = (
				A876C13C28B2A6C000B55337 /* storyboardUITests.swift */,
				A876C13E28B2A6C000B55337 /* storyboardUITestsLaunchTests.swift */,
			);
			path = storyboardUITests;
			sourceTree = "<group>";
		};
/* End PBXGroup section */

/* Begin PBXNativeTarget section */
		A876C11728B2A6BE00B55337 /* storyboard */ = {
			isa = PBXNativeTarget;
			buildConfigurationList = A876C14228B2A6C000B55337 /* Build configuration list for PBXNativeTarget "storyboard" */;
			buildPhases = (
				A876C11428B2A6BE00B55337 /* Sources */,
				A876C11528B2A6BE00B55337 /* Frameworks */,
				A876C11628B2A6BE00B55337 /* Resources */,
			);
			buildRules = (
			);
			dependencies = (
			);
			name = storyboard;
			productName = storyboard;
			productReference = A876C11828B2A6BE00B55337 /* storyboard.app */;
			productType = "com.apple.product-type.application";
		};
		A876C12D28B2A6C000B55337 /* storyboardTests */ = {
			isa = PBXNativeTarget;
			buildConfigurationList = A876C14528B2A6C000B55337 /* Build configuration list for PBXNativeTarget "storyboardTests" */;
			buildPhases = (
				A876C12A28B2A6C000B55337 /* Sources */,
				A876C12B28B2A6C000B55337 /* Frameworks */,
				A876C12C28B2A6C000B55337 /* Resources */,
			);
			buildRules = (
			);
			dependencies = (
				A876C13028B2A6C000B55337 /* PBXTargetDependency */,
			);
			name = storyboardTests;
			productName = storyboardTests;
			productReference = A876C12E28B2A6C000B55337 /* storyboardTests.xctest */;
			productType = "com.apple.product-type.bundle.unit-test";
		};
		A876C13728B2A6C000B55337 /* storyboardUITests */ = {
			isa = PBXNativeTarget;
			buildConfigurationList = A876C14828B2A6C000B55337 /* Build configuration list for PBXNativeTarget "storyboardUITests" */;
			buildPhases = (
				A876C13428B2A6C000B55337 /* Sources */,
				A876C13528B2A6C000B55337 /* Frameworks */,
				A876C13628B2A6C000B55337 /* Resources */,
			);
			buildRules = (
			);
			dependencies = (
				A876C13A28B2A6C000B55337 /* PBXTargetDependency */,
			);
			name = storyboardUITests;
			productName = storyboardUITests;
			productReference = A876C13828B2A6C000B55337 /* storyboardUITests.xctest */;
			productType = "com.apple.product-type.bundle.ui-testing";
		};
/* End PBXNativeTarget section */

/* Begin PBXProject section */
		A876C11028B2A6BE00B55337 /* Project object */ = {
			isa = PBXProject;
			attributes = {
				BuildIndependentTargetsInParallel = 1;
				LastSwiftUpdateCheck = 1330;
				LastUpgradeCheck = 1330;
				TargetAttributes = {
					A876C11728B2A6BE00B55337 = {
						CreatedOnToolsVersion = 13.3.1;
					};
					A876C12D28B2A6C000B55337 = {
						CreatedOnToolsVersion = 13.3.1;
						TestTargetID = A876C11728B2A6BE00B55337;
					};
					A876C13728B2A6C000B55337 = {
						CreatedOnToolsVersion = 13.3.1;
						TestTargetID = A876C11728B2A6BE00B55337;
					};
				};
			};
			buildConfigurationList = A876C11328B2A6BE00B55337 /* Build configuration list for PBXProject "storyboard" */;
			compatibilityVersion = "Xcode 13.0";
			developmentRegion = en;
			hasScannedForEncodings = 0;
			knownRegions = (
				en,
				Base,
			);
			mainGroup = A876C10F28B2A6BE00B55337;
			productRefGroup = A876C11928B2A6BE00B55337 /* Products */;
			projectDirPath = "";
			projectRoot = "";
			targets = (
				A876C11728B2A6BE00B55337 /* storyboard */,
				A876C12D28B2A6C000B55337 /* storyboardTests */,
				A876C13728B2A6C000B55337 /* storyboardUITests */,
			);
		};
/* End PBXProject section */

/* Begin PBXResourcesBuildPhase section */
		A876C11628B2A6BE00B55337 /* Resources */ = {
			isa = PBXResourcesBuildPhase;
			buildActionMask = 2147483647;
			files = (
				A876C12828B2A6C000B55337 /* LaunchScreen.storyboard in Resources */,
				A876C12528B2A6C000B55337 /* Assets.xcassets in Resources */,
				A876C12328B2A6BE00B55337 /* Main.storyboard in Resources */,
			);
			runOnlyForDeploymentPostprocessing = 0;
		};
		A876C12C28B2A6C000B55337 /* Resources */ = {
			isa = PBXResourcesBuildPhase;
			buildActionMask = 2147483647;
			files = (
			);
			runOnlyForDeploymentPostprocessing = 0;
		};
		A876C13628B2A6C000B55337 /* Resources */ = {
			isa = PBXResourcesBuildPhase;
			buildActionMask = 2147483647;
			files = (
			);
			runOnlyForDeploymentPostprocessing = 0;
		};
/* End PBXResourcesBuildPhase section */

/* Begin PBXSourcesBuildPhase section */
		A876C11428B2A6BE00B55337 /* Sources */ = {
			isa = PBXSourcesBuildPhase;
			buildActionMask = 2147483647;
			files = (
				A876C12028B2A6BE00B55337 /* ViewController.swift in Sources */,
				A876C11C28B2A6BE00B55337 /* AppDelegate.swift in Sources */,
				A876C11E28B2A6BE00B55337 /* SceneDelegate.swift in Sources */,
			);
			runOnlyForDeploymentPostprocessing = 0;
		};
		A876C12A28B2A6C000B55337 /* Sources */ = {
			isa = PBXSourcesBuildPhase;
			buildActionMask = 2147483647;
			files = (
				A876C13328B2A6C000B55337 /* storyboardTests.swift in Sources */,
			);
			runOnlyForDeploymentPostprocessing = 0;
		};
		A876C13428B2A6C000B55337 /* Sources */ = {
			isa = PBXSourcesBuildPhase;
			buildActionMask = 2147483647;
			files = (
				A876C13D28B2A6C000B55337 /* storyboardUITests.swift in Sources */,
				A876C13F28B2A6C000B55337 /* storyboardUITestsLaunchTests.swift in Sources */,
			);
			runOnlyForDeploymentPostprocessing = 0;
		};
/* End PBXSourcesBuildPhase section */

/* Begin PBXTargetDependency section */
		A876C13028B2A6C000B55337 /* PBXTargetDependency */ = {
			isa = PBXTargetDependency;
			target = A876C11728B2A6BE00B55337 /* storyboard */;
			targetProxy = A876C12F28B2A6C000B55337 /* PBXContainerItemProxy */;
		};
		A876C13A28B2A6C000B55337 /* PBXTargetDependency */ = {
			isa = PBXTargetDependency;
			target = A876C11728B2A6BE00B55337 /* storyboard */;
			targetProxy = A876C13928B2A6C000B55337 /* PBXContainerItemProxy */;
		};
/* End PBXTargetDependency section */

/* Begin PBXVariantGroup section */
		A876C12128B2A6BE00B55337 /* Main.storyboard */ = {
			isa = PBXVariantGroup;
			children = (
				A876C12228B2A6BE00B55337 /* Base */,
			);
			name = Main.storyboard;
			sourceTree = "<group>";
		};
		A876C12628B2A6C000B55337 /* LaunchScreen.storyboard */ = {
			isa = PBXVariantGroup;
			children = (
				A876C12728B2A6C000B55337 /* Base */,
			);
			name = LaunchScreen.storyboard;
			sourceTree = "<group>";
		};
/* End PBXVariantGroup section */

/* Begin XCBuildConfiguration section */
		A876C14028B2A6C000B55337 /* Debug */ = {
			isa = XCBuildConfiguration;
			buildSettings = {
				ALWAYS_SEARCH_USER_PATHS = NO;
				CLANG_ANALYZER_NONNULL = YES;
				CLANG_ANALYZER_NUMBER_OBJECT_CONVERSION = YES_AGGRESSIVE;
				CLANG_CXX_LANGUAGE_STANDARD = "gnu++17";
				CLANG_ENABLE_MODULES = YES;
				CLANG_ENABLE_OBJC_ARC = YES;
				CLANG_ENABLE_OBJC_WEAK = YES;
				CLANG_WARN_BLOCK_CAPTURE_AUTORELEASING = YES;
				CLANG_WARN_BOOL_CONVERSION = YES;
				CLANG_WARN_COMMA = YES;
				CLANG_WARN_CONSTANT_CONVERSION = YES;
				CLANG_WARN_DEPRECATED_OBJC_IMPLEMENTATIONS = YES;
				CLANG_WARN_DIRECT_OBJC_ISA_USAGE = YES_ERROR;
				CLANG_WARN_DOCUMENTATION_COMMENTS = YES;
				CLANG_WARN_EMPTY_BODY = YES;
				CLANG_WARN_ENUM_CONVERSION = YES;
				CLANG_WARN_INFINITE_RECURSION = YES;
				CLANG_WARN_INT_CONVERSION = YES;
				CLANG_WARN_NON_LITERAL_NULL_CONVERSION = YES;
				CLANG_WARN_OBJC_IMPLICIT_RETAIN_SELF = YES;
				CLANG_WARN_OBJC_LITERAL_CONVERSION = YES;
				CLANG_WARN_OBJC_ROOT_CLASS = YES_ERROR;
				CLANG_WARN_QUOTED_INCLUDE_IN_FRAMEWORK_HEADER = YES;
				CLANG_WARN_RANGE_LOOP_ANALYSIS = YES;
				CLANG_WARN_STRICT_PROTOTYPES = YES;
				CLANG_WARN_SUSPICIOUS_MOVE = YES;
				CLANG_WARN_UNGUARDED_AVAILABILITY = YES_AGGRESSIVE;
				CLANG_WARN_UNREACHABLE_CODE = YES;
				CLANG_WARN__DUPLICATE_METHOD_MATCH = YES;
				COPY_PHASE_STRIP = NO;
				DEBUG_INFORMATION_FORMAT = dwarf;
				ENABLE_STRICT_OBJC_MSGSEND = YES;
				ENABLE_TESTABILITY = YES;
				GCC_C_LANGUAGE_STANDARD = gnu11;
				GCC_DYNAMIC_NO_PIC = NO;
				GCC_NO_COMMON_BLOCKS = YES;
				GCC_OPTIMIZATION_LEVEL = 0;
				GCC_PREPROCESSOR_DEFINITIONS = (
					"DEBUG=1",
					"$(inherited)",
				);
				GCC_WARN_64_TO_32_BIT_CONVERSION = YES;
				GCC_WARN_ABOUT_RETURN_TYPE = YES_ERROR;
				GCC_WARN_UNDECLARED_SELECTOR = YES;
				GCC_WARN_UNINITIALIZED_AUTOS = YES_AGGRESSIVE;
				GCC_WARN_UNUSED_FUNCTION = YES;
				GCC_WARN_UNUSED_VARIABLE = YES;
				IPHONEOS_DEPLOYMENT_TARGET = 15.4;
				MTL_ENABLE_DEBUG_INFO = INCLUDE_SOURCE;
				MTL_FAST_MATH = YES;
				ONLY_ACTIVE_ARCH = YES;
				SDKROOT = iphoneos;
				SWIFT_ACTIVE_COMPILATION_CONDITIONS = DEBUG;
				SWIFT_OPTIMIZATION_LEVEL = "-Onone";
			};
			name = Debug;
		};
		A876C14128B2A6C000B55337 /* Release */ = {
			isa = XCBuildConfiguration;
			buildSettings = {
				ALWAYS_SEARCH_USER_PATHS = NO;
				CLANG_ANALYZER_NONNULL = YES;
				CLANG_ANALYZER_NUMBER_OBJECT_CONVERSION = YES_AGGRESSIVE;
				CLANG_CXX_LANGUAGE_STANDARD = "gnu++17";
				CLANG_ENABLE_MODULES = YES;
				CLANG_ENABLE_OBJC_ARC = YES;
				CLANG_ENABLE_OBJC_WEAK = YES;
				CLANG_WARN_BLOCK_CAPTURE_AUTORELEASING = YES;
				CLANG_WARN_BOOL_CONVERSION = YES;
				CLANG_WARN_COMMA = YES;
				CLANG_WARN_CONSTANT_CONVERSION = YES;
				CLANG_WARN_DEPRECATED_OBJC_IMPLEMENTATIONS = YES;
				CLANG_WARN_DIRECT_OBJC_ISA_USAGE = YES_ERROR;
				CLANG_WARN_DOCUMENTATION_COMMENTS = YES;
				CLANG_WARN_EMPTY_BODY = YES;
				CLANG_WARN_ENUM_CONVERSION = YES;
				CLANG_WARN_INFINITE_RECURSION = YES;
				CLANG_WARN_INT_CONVERSION = YES;
				CLANG_WARN_NON_LITERAL_NULL_CONVERSION = YES;
				CLANG_WARN_OBJC_IMPLICIT_RETAIN_SELF = YES;
				CLANG_WARN_OBJC_LITERAL_CONVERSION = YES;
				CLANG_WARN_OBJC_ROOT_CLASS = YES_ERROR;
				CLANG_WARN_QUOTED_INCLUDE_IN_FRAMEWORK_HEADER = YES;
				CLANG_WARN_RANGE_LOOP_ANALYSIS = YES;
				CLANG_WARN_STRICT_PROTOTYPES = YES;
				CLANG_WARN_SUSPICIOUS_MOVE = YES;
				CLANG_WARN_UNGUARDED_AVAILABILITY = YES_AGGRESSIVE;
				CLANG_WARN_UNREACHABLE_CODE = YES;
				CLANG_WARN__DUPLICATE_METHOD_MATCH = YES;
				COPY_PHASE_STRIP = NO;
				DEBUG_INFORMATION_FORMAT = "dwarf-with-dsym";
				ENABLE_NS_ASSERTIONS = NO;
				ENABLE_STRICT_OBJC_MSGSEND = YES;
				GCC_C_LANGUAGE_STANDARD = gnu11;
				GCC_NO_COMMON_BLOCKS = YES;
				GCC_WARN_64_TO_32_BIT_CONVERSION = YES;
				GCC_WARN_ABOUT_RETURN_TYPE = YES_ERROR;
				GCC_WARN_UNDECLARED_SELECTOR = YES;
				GCC_WARN_UNINITIALIZED_AUTOS = YES_AGGRESSIVE;
				GCC_WARN_UNUSED_FUNCTION = YES;
				GCC_WARN_UNUSED_VARIABLE = YES;
				IPHONEOS_DEPLOYMENT_TARGET = 15.4;
				MTL_ENABLE_DEBUG_INFO = NO;
				MTL_FAST_MATH = YES;
				SDKROOT = iphoneos;
				SWIFT_COMPILATION_MODE = wholemodule;
				SWIFT_OPTIMIZATION_LEVEL = "-O";
				VALIDATE_PRODUCT = YES;
			};
			name = Release;
		};
		A876C14328B2A6C000B55337 /* Debug */ = {
			isa = XCBuildConfiguration;
			buildSettings = {
				ASSETCATALOG_COMPILER_APPICON_NAME = AppIcon;
				ASSETCATALOG_COMPILER_GLOBAL_ACCENT_COLOR_NAME = AccentColor;
				CODE_SIGN_STYLE = Automatic;
				CURRENT_PROJECT_VERSION = 1;
				GENERATE_INFOPLIST_FILE = YES;
				INFOPLIST_FILE = storyboard/Info.plist;
				INFOPLIST_KEY_UIApplicationSupportsIndirectInputEvents = YES;
				INFOPLIST_KEY_UILaunchStoryboardName = LaunchScreen;
				INFOPLIST_KEY_UIMainStoryboardFile = Main;
				INFOPLIST_KEY_UISupportedInterfaceOrientations_iPad = "UIInterfaceOrientationPortrait UIInterfaceOrientationPortraitUpsideDown UIInterfaceOrientationLandscapeLeft UIInterfaceOrientationLandscapeRight";
				INFOPLIST_KEY_UISupportedInterfaceOrientations_iPhone = "UIInterfaceOrientationPortrait UIInterfaceOrientationLandscapeLeft UIInterfaceOrientationLandscapeRight";
				LD_RUNPATH_SEARCH_PATHS = (
					"$(inherited)",
					"@executable_path/Frameworks",
				);
				MARKETING_VERSION = 1.0;
				PRODUCT_BUNDLE_IDENTIFIER = memo.com.storyboard;
				PRODUCT_NAME = "$(TARGET_NAME)";
				SWIFT_EMIT_LOC_STRINGS = YES;
				SWIFT_VERSION = 5.0;
				TARGETED_DEVICE_FAMILY = "1,2";
			};
			name = Debug;
		};
		A876C14428B2A6C000B55337 /* Release */ = {
			isa = XCBuildConfiguration;
			buildSettings = {
				ASSETCATALOG_COMPILER_APPICON_NAME = AppIcon;
				ASSETCATALOG_COMPILER_GLOBAL_ACCENT_COLOR_NAME = AccentColor;
				CODE_SIGN_STYLE = Automatic;
				CURRENT_PROJECT_VERSION = 1;
				GENERATE_INFOPLIST_FILE = YES;
				INFOPLIST_FILE = storyboard/Info.plist;
				INFOPLIST_KEY_UIApplicationSupportsIndirectInputEvents = YES;
				INFOPLIST_KEY_UILaunchStoryboardName = LaunchScreen;
				INFOPLIST_KEY_UIMainStoryboardFile = Main;
				INFOPLIST_KEY_UISupportedInterfaceOrientations_iPad = "UIInterfaceOrientationPortrait UIInterfaceOrientationPortraitUpsideDown UIInterfaceOrientationLandscapeLeft UIInterfaceOrientationLandscapeRight";
				INFOPLIST_KEY_UISupportedInterfaceOrientations_iPhone = "UIInterfaceOrientationPortrait UIInterfaceOrientationLandscapeLeft UIInterfaceOrientationLandscapeRight";
				LD_RUNPATH_SEARCH_PATHS = (
					"$(inherited)",
					"@executable_path/Frameworks",
				);
				MARKETING_VERSION = 1.0;
				PRODUCT_BUNDLE_IDENTIFIER = memo.com.storyboard;
				PRODUCT_NAME = "$(TARGET_NAME)";
				SWIFT_EMIT_LOC_STRINGS = YES;
				SWIFT_VERSION = 5.0;
				TARGETED_DEVICE_FAMILY = "1,2";
			};
			name = Release;
		};
		A876C14628B2A6C000B55337 /* Debug */ = {
			isa = XCBuildConfiguration;
			buildSettings = {
				ALWAYS_EMBED_SWIFT_STANDARD_LIBRARIES = YES;
				BUNDLE_LOADER = "$(TEST_HOST)";
				CODE_SIGN_STYLE = Automatic;
				CURRENT_PROJECT_VERSION = 1;
				GENERATE_INFOPLIST_FILE = YES;
				IPHONEOS_DEPLOYMENT_TARGET = 15.4;
				MARKETING_VERSION = 1.0;
				PRODUCT_BUNDLE_IDENTIFIER = memo.com.storyboardTests;
				PRODUCT_NAME = "$(TARGET_NAME)";
				SWIFT_EMIT_LOC_STRINGS = NO;
				SWIFT_VERSION = 5.0;
				TARGETED_DEVICE_FAMILY = "1,2";
				TEST_HOST = "$(BUILT_PRODUCTS_DIR)/storyboard.app/storyboard";
			};
			name = Debug;
		};
		A876C14728B2A6C000B55337 /* Release */ = {
			isa = XCBuildConfiguration;
			buildSettings = {
				ALWAYS_EMBED_SWIFT_STANDARD_LIBRARIES = YES;
				BUNDLE_LOADER = "$(TEST_HOST)";
				CODE_SIGN_STYLE = Automatic;
				CURRENT_PROJECT_VERSION = 1;
				GENERATE_INFOPLIST_FILE = YES;
				IPHONEOS_DEPLOYMENT_TARGET = 15.4;
				MARKETING_VERSION = 1.0;
				PRODUCT_BUNDLE_IDENTIFIER = memo.com.storyboardTests;
				PRODUCT_NAME = "$(TARGET_NAME)";
				SWIFT_EMIT_LOC_STRINGS = NO;
				SWIFT_VERSION = 5.0;
				TARGETED_DEVICE_FAMILY = "1,2";
				TEST_HOST = "$(BUILT_PRODUCTS_DIR)/storyboard.app/storyboard";
			};
			name = Release;
		};
		A876C14928B2A6C000B55337 /* Debug */ = {
			isa = XCBuildConfiguration;
			buildSettings = {
				ALWAYS_EMBED_SWIFT_STANDARD_LIBRARIES = YES;
				CODE_SIGN_STYLE = Automatic;
				CURRENT_PROJECT_VERSION = 1;
				GENERATE_INFOPLIST_FILE = YES;
				MARKETING_VERSION = 1.0;
				PRODUCT_BUNDLE_IDENTIFIER = memo.com.storyboardUITests;
				PRODUCT_NAME = "$(TARGET_NAME)";
				SWIFT_EMIT_LOC_STRINGS = NO;
				SWIFT_VERSION = 5.0;
				TARGETED_DEVICE_FAMILY = "1,2";
				TEST_TARGET_NAME = storyboard;
			};
			name = Debug;
		};
		A876C14A28B2A6C000B55337 /* Release */ = {
			isa = XCBuildConfiguration;
			buildSettings = {
				ALWAYS_EMBED_SWIFT_STANDARD_LIBRARIES = YES;
				CODE_SIGN_STYLE = Automatic;
				CURRENT_PROJECT_VERSION = 1;
				GENERATE_INFOPLIST_FILE = YES;
				MARKETING_VERSION = 1.0;
				PRODUCT_BUNDLE_IDENTIFIER = memo.com.storyboardUITests;
				PRODUCT_NAME = "$(TARGET_NAME)";
				SWIFT_EMIT_LOC_STRINGS = NO;
				SWIFT_VERSION = 5.0;
				TARGETED_DEVICE_FAMILY = "1,2";
				TEST_TARGET_NAME = storyboard;
			};
			name = Release;
		};
/* End XCBuildConfiguration section */

/* Begin XCConfigurationList section */
		A876C11328B2A6BE00B55337 /* Build configuration list for PBXProject "storyboard" */ = {
			isa = XCConfigurationList;
			buildConfigurations = (
				A876C14028B2A6C000B55337 /* Debug */,
				A876C14128B2A6C000B55337 /* Release */,
			);
			defaultConfigurationIsVisible = 0;
			defaultConfigurationName = Release;
		};
		A876C14228B2A6C000B55337 /* Build configuration list for PBXNativeTarget "storyboard" */ = {
			isa = XCConfigurationList;
			buildConfigurations = (
				A876C14328B2A6C000B55337 /* Debug */,
				A876C14428B2A6C000B55337 /* Release */,
			);
			defaultConfigurationIsVisible = 0;
			defaultConfigurationName = Release;
		};
		A876C14528B2A6C000B55337 /* Build configuration list for PBXNativeTarget "storyboardTests" */ = {
			isa = XCConfigurationList;
			buildConfigurations = (
				A876C14628B2A6C000B55337 /* Debug */,
				A876C14728B2A6C000B55337 /* Release */,
			);
			defaultConfigurationIsVisible = 0;
			defaultConfigurationName = Release;
		};
		A876C14828B2A6C000B55337 /* Build configuration list for PBXNativeTarget "storyboardUITests" */ = {
			isa = XCConfigurationList;
			buildConfigurations = (
				A876C14928B2A6C000B55337 /* Debug */,
				A876C14A28B2A6C000B55337 /* Release */,
			);
			defaultConfigurationIsVisible = 0;
			defaultConfigurationName = Release;
		};
/* End XCConfigurationList section */
	};
	rootObject = A876C11028B2A6BE00B55337 /* Project object */;
}
